// !$*UTF8*$!
{
	archiveVersion = 1;
	classes = {
	};
	objectVersion = 50;
	objects = {

/* Begin PBXBuildFile section */
		F4C91DCF2610395500B6DB79 /* AppDelegate.swift in Sources */ = {isa = PBXBuildFile; fileRef = F4C91DCE2610395500B6DB79 /* AppDelegate.swift */; };
		F4C91DD12610395500B6DB79 /* SceneDelegate.swift in Sources */ = {isa = PBXBuildFile; fileRef = F4C91DD02610395500B6DB79 /* SceneDelegate.swift */; };
		F4C91DD32610395500B6DB79 /* ViewController.swift in Sources */ = {isa = PBXBuildFile; fileRef = F4C91DD22610395500B6DB79 /* ViewController.swift */; };
		F4C91DD62610395500B6DB79 /* Main.storyboard in Resources */ = {isa = PBXBuildFile; fileRef = F4C91DD42610395500B6DB79 /* Main.storyboard */; };
		F4C91DD82610395600B6DB79 /* Assets.xcassets in Resources */ = {isa = PBXBuildFile; fileRef = F4C91DD72610395600B6DB79 /* Assets.xcassets */; };
		F4C91DDB2610395600B6DB79 /* LaunchScreen.storyboard in Resources */ = {isa = PBXBuildFile; fileRef = F4C91DD92610395600B6DB79 /* LaunchScreen.storyboard */; };
		F4C91DE62610395600B6DB79 /* pokedexTests.swift in Sources */ = {isa = PBXBuildFile; fileRef = F4C91DE52610395600B6DB79 /* pokedexTests.swift */; };
		F4C91DF12610395600B6DB79 /* pokedexUITests.swift in Sources */ = {isa = PBXBuildFile; fileRef = F4C91DF02610395600B6DB79 /* pokedexUITests.swift */; };
		F4C91E11261043DA00B6DB79 /* pokeCell.xib in Resources */ = {isa = PBXBuildFile; fileRef = F4C91E10261043DA00B6DB79 /* pokeCell.xib */; };
		F4C91E162610447D00B6DB79 /* PokeTableViewCell.swift in Sources */ = {isa = PBXBuildFile; fileRef = F4C91E152610447D00B6DB79 /* PokeTableViewCell.swift */; };
/* End PBXBuildFile section */

/* Begin PBXContainerItemProxy section */
		F4C91DE22610395600B6DB79 /* PBXContainerItemProxy */ = {
			isa = PBXContainerItemProxy;
			containerPortal = F4C91DC32610395500B6DB79 /* Project object */;
			proxyType = 1;
			remoteGlobalIDString = F4C91DCA2610395500B6DB79;
			remoteInfo = pokedex;
		};
		F4C91DED2610395600B6DB79 /* PBXContainerItemProxy */ = {
			isa = PBXContainerItemProxy;
			containerPortal = F4C91DC32610395500B6DB79 /* Project object */;
			proxyType = 1;
			remoteGlobalIDString = F4C91DCA2610395500B6DB79;
			remoteInfo = pokedex;
		};
/* End PBXContainerItemProxy section */

/* Begin PBXFileReference section */
		F4C91DCB2610395500B6DB79 /* pokedex.app */ = {isa = PBXFileReference; explicitFileType = wrapper.application; includeInIndex = 0; path = pokedex.app; sourceTree = BUILT_PRODUCTS_DIR; };
		F4C91DCE2610395500B6DB79 /* AppDelegate.swift */ = {isa = PBXFileReference; lastKnownFileType = sourcecode.swift; path = AppDelegate.swift; sourceTree = "<group>"; };
		F4C91DD02610395500B6DB79 /* SceneDelegate.swift */ = {isa = PBXFileReference; lastKnownFileType = sourcecode.swift; path = SceneDelegate.swift; sourceTree = "<group>"; };
		F4C91DD22610395500B6DB79 /* ViewController.swift */ = {isa = PBXFileReference; lastKnownFileType = sourcecode.swift; path = ViewController.swift; sourceTree = "<group>"; };
		F4C91DD52610395500B6DB79 /* Base */ = {isa = PBXFileReference; lastKnownFileType = file.storyboard; name = Base; path = Base.lproj/Main.storyboard; sourceTree = "<group>"; };
		F4C91DD72610395600B6DB79 /* Assets.xcassets */ = {isa = PBXFileReference; lastKnownFileType = folder.assetcatalog; path = Assets.xcassets; sourceTree = "<group>"; };
		F4C91DDA2610395600B6DB79 /* Base */ = {isa = PBXFileReference; lastKnownFileType = file.storyboard; name = Base; path = Base.lproj/LaunchScreen.storyboard; sourceTree = "<group>"; };
		F4C91DDC2610395600B6DB79 /* Info.plist */ = {isa = PBXFileReference; lastKnownFileType = text.plist.xml; path = Info.plist; sourceTree = "<group>"; };
		F4C91DE12610395600B6DB79 /* pokedexTests.xctest */ = {isa = PBXFileReference; explicitFileType = wrapper.cfbundle; includeInIndex = 0; path = pokedexTests.xctest; sourceTree = BUILT_PRODUCTS_DIR; };
		F4C91DE52610395600B6DB79 /* pokedexTests.swift */ = {isa = PBXFileReference; lastKnownFileType = sourcecode.swift; path = pokedexTests.swift; sourceTree = "<group>"; };
		F4C91DE72610395600B6DB79 /* Info.plist */ = {isa = PBXFileReference; lastKnownFileType = text.plist.xml; path = Info.plist; sourceTree = "<group>"; };
		F4C91DEC2610395600B6DB79 /* pokedexUITests.xctest */ = {isa = PBXFileReference; explicitFileType = wrapper.cfbundle; includeInIndex = 0; path = pokedexUITests.xctest; sourceTree = BUILT_PRODUCTS_DIR; };
		F4C91DF02610395600B6DB79 /* pokedexUITests.swift */ = {isa = PBXFileReference; lastKnownFileType = sourcecode.swift; path = pokedexUITests.swift; sourceTree = "<group>"; };
		F4C91DF22610395600B6DB79 /* Info.plist */ = {isa = PBXFileReference; lastKnownFileType = text.plist.xml; path = Info.plist; sourceTree = "<group>"; };
		F4C91E10261043DA00B6DB79 /* pokeCell.xib */ = {isa = PBXFileReference; lastKnownFileType = file.xib; path = pokeCell.xib; sourceTree = "<group>"; };
		F4C91E152610447D00B6DB79 /* PokeTableViewCell.swift */ = {isa = PBXFileReference; lastKnownFileType = sourcecode.swift; path = PokeTableViewCell.swift; sourceTree = "<group>"; };
/* End PBXFileReference section */

/* Begin PBXFrameworksBuildPhase section */
		F4C91DC82610395500B6DB79 /* Frameworks */ = {
			isa = PBXFrameworksBuildPhase;
			buildActionMask = 2147483647;
			files = (
			);
			runOnlyForDeploymentPostprocessing = 0;
		};
		F4C91DDE2610395600B6DB79 /* Frameworks */ = {
			isa = PBXFrameworksBuildPhase;
			buildActionMask = 2147483647;
			files = (
			);
			runOnlyForDeploymentPostprocessing = 0;
		};
		F4C91DE92610395600B6DB79 /* Frameworks */ = {
			isa = PBXFrameworksBuildPhase;
			buildActionMask = 2147483647;
			files = (
			);
			runOnlyForDeploymentPostprocessing = 0;
		};
/* End PBXFrameworksBuildPhase section */

/* Begin PBXGroup section */
		F4C91DC22610395500B6DB79 = {
			isa = PBXGroup;
			children = (
				F4C91DCD2610395500B6DB79 /* pokedex */,
				F4C91DE42610395600B6DB79 /* pokedexTests */,
				F4C91DEF2610395600B6DB79 /* pokedexUITests */,
				F4C91DCC2610395500B6DB79 /* Products */,
			);
			sourceTree = "<group>";
		};
		F4C91DCC2610395500B6DB79 /* Products */ = {
			isa = PBXGroup;
			children = (
				F4C91DCB2610395500B6DB79 /* pokedex.app */,
				F4C91DE12610395600B6DB79 /* pokedexTests.xctest */,
				F4C91DEC2610395600B6DB79 /* pokedexUITests.xctest */,
			);
			name = Products;
			sourceTree = "<group>";
		};
		F4C91DCD2610395500B6DB79 /* pokedex */ = {
			isa = PBXGroup;
			children = (
				F4C91DCE2610395500B6DB79 /* AppDelegate.swift */,
				F4C91DD02610395500B6DB79 /* SceneDelegate.swift */,
				F4C91DD22610395500B6DB79 /* ViewController.swift */,
				F4C91DD42610395500B6DB79 /* Main.storyboard */,
				F4C91DD72610395600B6DB79 /* Assets.xcassets */,
				F4C91DD92610395600B6DB79 /* LaunchScreen.storyboard */,
				F4C91E10261043DA00B6DB79 /* pokeCell.xib */,
				F4C91E152610447D00B6DB79 /* PokeTableViewCell.swift */,
				F4C91DDC2610395600B6DB79 /* Info.plist */,
			);
			path = pokedex;
			sourceTree = "<group>";
		};
		F4C91DE42610395600B6DB79 /* pokedexTests */ = {
			isa = PBXGroup;
			children = (
				F4C91DE52610395600B6DB79 /* pokedexTests.swift */,
				F4C91DE72610395600B6DB79 /* Info.plist */,
			);
			path = pokedexTests;
			sourceTree = "<group>";
		};
		F4C91DEF2610395600B6DB79 /* pokedexUITests */ = {
			isa = PBXGroup;
			children = (
				F4C91DF02610395600B6DB79 /* pokedexUITests.swift */,
				F4C91DF22610395600B6DB79 /* Info.plist */,
			);
			path = pokedexUITests;
			sourceTree = "<group>";
		};
/* End PBXGroup section */

/* Begin PBXNativeTarget section */
		F4C91DCA2610395500B6DB79 /* pokedex */ = {
			isa = PBXNativeTarget;
			buildConfigurationList = F4C91DF52610395600B6DB79 /* Build configuration list for PBXNativeTarget "pokedex" */;
			buildPhases = (
				F4C91DC72610395500B6DB79 /* Sources */,
				F4C91DC82610395500B6DB79 /* Frameworks */,
				F4C91DC92610395500B6DB79 /* Resources */,
			);
			buildRules = (
			);
			dependencies = (
			);
			name = pokedex;
			productName = pokedex;
			productReference = F4C91DCB2610395500B6DB79 /* pokedex.app */;
			productType = "com.apple.product-type.application";
		};
		F4C91DE02610395600B6DB79 /* pokedexTests */ = {
			isa = PBXNativeTarget;
			buildConfigurationList = F4C91DF82610395600B6DB79 /* Build configuration list for PBXNativeTarget "pokedexTests" */;
			buildPhases = (
				F4C91DDD2610395600B6DB79 /* Sources */,
				F4C91DDE2610395600B6DB79 /* Frameworks */,
				F4C91DDF2610395600B6DB79 /* Resources */,
			);
			buildRules = (
			);
			dependencies = (
				F4C91DE32610395600B6DB79 /* PBXTargetDependency */,
			);
			name = pokedexTests;
			productName = pokedexTests;
			productReference = F4C91DE12610395600B6DB79 /* pokedexTests.xctest */;
			productType = "com.apple.product-type.bundle.unit-test";
		};
		F4C91DEB2610395600B6DB79 /* pokedexUITests */ = {
			isa = PBXNativeTarget;
			buildConfigurationList = F4C91DFB2610395600B6DB79 /* Build configuration list for PBXNativeTarget "pokedexUITests" */;
			buildPhases = (
				F4C91DE82610395600B6DB79 /* Sources */,
				F4C91DE92610395600B6DB79 /* Frameworks */,
				F4C91DEA2610395600B6DB79 /* Resources */,
			);
			buildRules = (
			);
			dependencies = (
				F4C91DEE2610395600B6DB79 /* PBXTargetDependency */,
			);
			name = pokedexUITests;
			productName = pokedexUITests;
			productReference = F4C91DEC2610395600B6DB79 /* pokedexUITests.xctest */;
			productType = "com.apple.product-type.bundle.ui-testing";
		};
/* End PBXNativeTarget section */

/* Begin PBXProject section */
		F4C91DC32610395500B6DB79 /* Project object */ = {
			isa = PBXProject;
			attributes = {
				LastSwiftUpdateCheck = 1240;
				LastUpgradeCheck = 1240;
				TargetAttributes = {
					F4C91DCA2610395500B6DB79 = {
						CreatedOnToolsVersion = 12.4;
					};
					F4C91DE02610395600B6DB79 = {
						CreatedOnToolsVersion = 12.4;
						TestTargetID = F4C91DCA2610395500B6DB79;
					};
					F4C91DEB2610395600B6DB79 = {
						CreatedOnToolsVersion = 12.4;
						TestTargetID = F4C91DCA2610395500B6DB79;
					};
				};
			};
			buildConfigurationList = F4C91DC62610395500B6DB79 /* Build configuration list for PBXProject "pokedex" */;
			compatibilityVersion = "Xcode 9.3";
			developmentRegion = en;
			hasScannedForEncodings = 0;
			knownRegions = (
				en,
				Base,
			);
			mainGroup = F4C91DC22610395500B6DB79;
			productRefGroup = F4C91DCC2610395500B6DB79 /* Products */;
			projectDirPath = "";
			projectRoot = "";
			targets = (
				F4C91DCA2610395500B6DB79 /* pokedex */,
				F4C91DE02610395600B6DB79 /* pokedexTests */,
				F4C91DEB2610395600B6DB79 /* pokedexUITests */,
			);
		};
/* End PBXProject section */

/* Begin PBXResourcesBuildPhase section */
		F4C91DC92610395500B6DB79 /* Resources */ = {
			isa = PBXResourcesBuildPhase;
			buildActionMask = 2147483647;
			files = (
				F4C91E11261043DA00B6DB79 /* pokeCell.xib in Resources */,
				F4C91DDB2610395600B6DB79 /* LaunchScreen.storyboard in Resources */,
				F4C91DD82610395600B6DB79 /* Assets.xcassets in Resources */,
				F4C91DD62610395500B6DB79 /* Main.storyboard in Resources */,
			);
			runOnlyForDeploymentPostprocessing = 0;
		};
		F4C91DDF2610395600B6DB79 /* Resources */ = {
			isa = PBXResourcesBuildPhase;
			buildActionMask = 2147483647;
			files = (
			);
			runOnlyForDeploymentPostprocessing = 0;
		};
		F4C91DEA2610395600B6DB79 /* Resources */ = {
			isa = PBXResourcesBuildPhase;
			buildActionMask = 2147483647;
			files = (
			);
			runOnlyForDeploymentPostprocessing = 0;
		};
/* End PBXResourcesBuildPhase section */

/* Begin PBXSourcesBuildPhase section */
		F4C91DC72610395500B6DB79 /* Sources */ = {
			isa = PBXSourcesBuildPhase;
			buildActionMask = 2147483647;
			files = (
				F4C91E162610447D00B6DB79 /* PokeTableViewCell.swift in Sources */,
				F4C91DD32610395500B6DB79 /* ViewController.swift in Sources */,
				F4C91DCF2610395500B6DB79 /* AppDelegate.swift in Sources */,
				F4C91DD12610395500B6DB79 /* SceneDelegate.swift in Sources */,
			);
			runOnlyForDeploymentPostprocessing = 0;
		};
		F4C91DDD2610395600B6DB79 /* Sources */ = {
			isa = PBXSourcesBuildPhase;
			buildActionMask = 2147483647;
			files = (
				F4C91DE62610395600B6DB79 /* pokedexTests.swift in Sources */,
			);
			runOnlyForDeploymentPostprocessing = 0;
		};
		F4C91DE82610395600B6DB79 /* Sources */ = {
			isa = PBXSourcesBuildPhase;
			buildActionMask = 2147483647;
			files = (
				F4C91DF12610395600B6DB79 /* pokedexUITests.swift in Sources */,
			);
			runOnlyForDeploymentPostprocessing = 0;
		};
/* End PBXSourcesBuildPhase section */

/* Begin PBXTargetDependency section */
		F4C91DE32610395600B6DB79 /* PBXTargetDependency */ = {
			isa = PBXTargetDependency;
			target = F4C91DCA2610395500B6DB79 /* pokedex */;
			targetProxy = F4C91DE22610395600B6DB79 /* PBXContainerItemProxy */;
		};
		F4C91DEE2610395600B6DB79 /* PBXTargetDependency */ = {
			isa = PBXTargetDependency;
			target = F4C91DCA2610395500B6DB79 /* pokedex */;
			targetProxy = F4C91DED2610395600B6DB79 /* PBXContainerItemProxy */;
		};
/* End PBXTargetDependency section */

/* Begin PBXVariantGroup section */
		F4C91DD42610395500B6DB79 /* Main.storyboard */ = {
			isa = PBXVariantGroup;
			children = (
				F4C91DD52610395500B6DB79 /* Base */,
			);
			name = Main.storyboard;
			sourceTree = "<group>";
		};
		F4C91DD92610395600B6DB79 /* LaunchScreen.storyboard */ = {
			isa = PBXVariantGroup;
			children = (
				F4C91DDA2610395600B6DB79 /* Base */,
			);
			name = LaunchScreen.storyboard;
			sourceTree = "<group>";
		};
/* End PBXVariantGroup section */

/* Begin XCBuildConfiguration section */
		F4C91DF32610395600B6DB79 /* Debug */ = {
			isa = XCBuildConfiguration;
			buildSettings = {
				ALWAYS_SEARCH_USER_PATHS = NO;
				CLANG_ANALYZER_NONNULL = YES;
				CLANG_ANALYZER_NUMBER_OBJECT_CONVERSION = YES_AGGRESSIVE;
				CLANG_CXX_LANGUAGE_STANDARD = "gnu++14";
				CLANG_CXX_LIBRARY = "libc++";
				CLANG_ENABLE_MODULES = YES;
				CLANG_ENABLE_OBJC_ARC = YES;
				CLANG_ENABLE_OBJC_WEAK = YES;
				CLANG_WARN_BLOCK_CAPTURE_AUTORELEASING = YES;
				CLANG_WARN_BOOL_CONVERSION = YES;
				CLANG_WARN_COMMA = YES;
				CLANG_WARN_CONSTANT_CONVERSION = YES;
				CLANG_WARN_DEPRECATED_OBJC_IMPLEMENTATIONS = YES;
				CLANG_WARN_DIRECT_OBJC_ISA_USAGE = YES_ERROR;
				CLANG_WARN_DOCUMENTATION_COMMENTS = YES;
				CLANG_WARN_EMPTY_BODY = YES;
				CLANG_WARN_ENUM_CONVERSION = YES;
				CLANG_WARN_INFINITE_RECURSION = YES;
				CLANG_WARN_INT_CONVERSION = YES;
				CLANG_WARN_NON_LITERAL_NULL_CONVERSION = YES;
				CLANG_WARN_OBJC_IMPLICIT_RETAIN_SELF = YES;
				CLANG_WARN_OBJC_LITERAL_CONVERSION = YES;
				CLANG_WARN_OBJC_ROOT_CLASS = YES_ERROR;
				CLANG_WARN_QUOTED_INCLUDE_IN_FRAMEWORK_HEADER = YES;
				CLANG_WARN_RANGE_LOOP_ANALYSIS = YES;
				CLANG_WARN_STRICT_PROTOTYPES = YES;
				CLANG_WARN_SUSPICIOUS_MOVE = YES;
				CLANG_WARN_UNGUARDED_AVAILABILITY = YES_AGGRESSIVE;
				CLANG_WARN_UNREACHABLE_CODE = YES;
				CLANG_WARN__DUPLICATE_METHOD_MATCH = YES;
				COPY_PHASE_STRIP = NO;
				DEBUG_INFORMATION_FORMAT = dwarf;
				ENABLE_STRICT_OBJC_MSGSEND = YES;
				ENABLE_TESTABILITY = YES;
				GCC_C_LANGUAGE_STANDARD = gnu11;
				GCC_DYNAMIC_NO_PIC = NO;
				GCC_NO_COMMON_BLOCKS = YES;
				GCC_OPTIMIZATION_LEVEL = 0;
				GCC_PREPROCESSOR_DEFINITIONS = (
					"DEBUG=1",
					"$(inherited)",
				);
				GCC_WARN_64_TO_32_BIT_CONVERSION = YES;
				GCC_WARN_ABOUT_RETURN_TYPE = YES_ERROR;
				GCC_WARN_UNDECLARED_SELECTOR = YES;
				GCC_WARN_UNINITIALIZED_AUTOS = YES_AGGRESSIVE;
				GCC_WARN_UNUSED_FUNCTION = YES;
				GCC_WARN_UNUSED_VARIABLE = YES;
				IPHONEOS_DEPLOYMENT_TARGET = 14.4;
				MTL_ENABLE_DEBUG_INFO = INCLUDE_SOURCE;
				MTL_FAST_MATH = YES;
				ONLY_ACTIVE_ARCH = YES;
				SDKROOT = iphoneos;
				SWIFT_ACTIVE_COMPILATION_CONDITIONS = DEBUG;
				SWIFT_OPTIMIZATION_LEVEL = "-Onone";
			};
			name = Debug;
		};
		F4C91DF42610395600B6DB79 /* Release */ = {
			isa = XCBuildConfiguration;
			buildSettings = {
				ALWAYS_SEARCH_USER_PATHS = NO;
				CLANG_ANALYZER_NONNULL = YES;
				CLANG_ANALYZER_NUMBER_OBJECT_CONVERSION = YES_AGGRESSIVE;
				CLANG_CXX_LANGUAGE_STANDARD = "gnu++14";
				CLANG_CXX_LIBRARY = "libc++";
				CLANG_ENABLE_MODULES = YES;
				CLANG_ENABLE_OBJC_ARC = YES;
				CLANG_ENABLE_OBJC_WEAK = YES;
				CLANG_WARN_BLOCK_CAPTURE_AUTORELEASING = YES;
				CLANG_WARN_BOOL_CONVERSION = YES;
				CLANG_WARN_COMMA = YES;
				CLANG_WARN_CONSTANT_CONVERSION = YES;
				CLANG_WARN_DEPRECATED_OBJC_IMPLEMENTATIONS = YES;
				CLANG_WARN_DIRECT_OBJC_ISA_USAGE = YES_ERROR;
				CLANG_WARN_DOCUMENTATION_COMMENTS = YES;
				CLANG_WARN_EMPTY_BODY = YES;
				CLANG_WARN_ENUM_CONVERSION = YES;
				CLANG_WARN_INFINITE_RECURSION = YES;
				CLANG_WARN_INT_CONVERSION = YES;
				CLANG_WARN_NON_LITERAL_NULL_CONVERSION = YES;
				CLANG_WARN_OBJC_IMPLICIT_RETAIN_SELF = YES;
				CLANG_WARN_OBJC_LITERAL_CONVERSION = YES;
				CLANG_WARN_OBJC_ROOT_CLASS = YES_ERROR;
				CLANG_WARN_QUOTED_INCLUDE_IN_FRAMEWORK_HEADER = YES;
				CLANG_WARN_RANGE_LOOP_ANALYSIS = YES;
				CLANG_WARN_STRICT_PROTOTYPES = YES;
				CLANG_WARN_SUSPICIOUS_MOVE = YES;
				CLANG_WARN_UNGUARDED_AVAILABILITY = YES_AGGRESSIVE;
				CLANG_WARN_UNREACHABLE_CODE = YES;
				CLANG_WARN__DUPLICATE_METHOD_MATCH = YES;
				COPY_PHASE_STRIP = NO;
				DEBUG_INFORMATION_FORMAT = "dwarf-with-dsym";
				ENABLE_NS_ASSERTIONS = NO;
				ENABLE_STRICT_OBJC_MSGSEND = YES;
				GCC_C_LANGUAGE_STANDARD = gnu11;
				GCC_NO_COMMON_BLOCKS = YES;
				GCC_WARN_64_TO_32_BIT_CONVERSION = YES;
				GCC_WARN_ABOUT_RETURN_TYPE = YES_ERROR;
				GCC_WARN_UNDECLARED_SELECTOR = YES;
				GCC_WARN_UNINITIALIZED_AUTOS = YES_AGGRESSIVE;
				GCC_WARN_UNUSED_FUNCTION = YES;
				GCC_WARN_UNUSED_VARIABLE = YES;
				IPHONEOS_DEPLOYMENT_TARGET = 14.4;
				MTL_ENABLE_DEBUG_INFO = NO;
				MTL_FAST_MATH = YES;
				SDKROOT = iphoneos;
				SWIFT_COMPILATION_MODE = wholemodule;
				SWIFT_OPTIMIZATION_LEVEL = "-O";
				VALIDATE_PRODUCT = YES;
			};
			name = Release;
		};
		F4C91DF62610395600B6DB79 /* Debug */ = {
			isa = XCBuildConfiguration;
			buildSettings = {
				ASSETCATALOG_COMPILER_APPICON_NAME = AppIcon;
				ASSETCATALOG_COMPILER_GLOBAL_ACCENT_COLOR_NAME = AccentColor;
				CODE_SIGN_STYLE = Automatic;
				DEVELOPMENT_TEAM = 4VSRYAF2G9;
				INFOPLIST_FILE = pokedex/Info.plist;
				LD_RUNPATH_SEARCH_PATHS = (
					"$(inherited)",
					"@executable_path/Frameworks",
				);
				PRODUCT_BUNDLE_IDENTIFIER = com.raphaelfreschi.pokedex;
				PRODUCT_NAME = "$(TARGET_NAME)";
				SWIFT_VERSION = 5.0;
				TARGETED_DEVICE_FAMILY = 1;
			};
			name = Debug;
		};
		F4C91DF72610395600B6DB79 /* Release */ = {
			isa = XCBuildConfiguration;
			buildSettings = {
				ASSETCATALOG_COMPILER_APPICON_NAME = AppIcon;
				ASSETCATALOG_COMPILER_GLOBAL_ACCENT_COLOR_NAME = AccentColor;
				CODE_SIGN_STYLE = Automatic;
				DEVELOPMENT_TEAM = 4VSRYAF2G9;
				INFOPLIST_FILE = pokedex/Info.plist;
				LD_RUNPATH_SEARCH_PATHS = (
					"$(inherited)",
					"@executable_path/Frameworks",
				);
				PRODUCT_BUNDLE_IDENTIFIER = com.raphaelfreschi.pokedex;
				PRODUCT_NAME = "$(TARGET_NAME)";
				SWIFT_VERSION = 5.0;
				TARGETED_DEVICE_FAMILY = 1;
			};
			name = Release;
		};
		F4C91DF92610395600B6DB79 /* Debug */ = {
			isa = XCBuildConfiguration;
			buildSettings = {
				ALWAYS_EMBED_SWIFT_STANDARD_LIBRARIES = YES;
				BUNDLE_LOADER = "$(TEST_HOST)";
				CODE_SIGN_STYLE = Automatic;
				DEVELOPMENT_TEAM = 4VSRYAF2G9;
				INFOPLIST_FILE = pokedexTests/Info.plist;
				IPHONEOS_DEPLOYMENT_TARGET = 14.4;
				LD_RUNPATH_SEARCH_PATHS = (
					"$(inherited)",
					"@executable_path/Frameworks",
					"@loader_path/Frameworks",
				);
				PRODUCT_BUNDLE_IDENTIFIER = com.raphaelfreschi.pokedexTests;
				PRODUCT_NAME = "$(TARGET_NAME)";
				SWIFT_VERSION = 5.0;
				TARGETED_DEVICE_FAMILY = "1,2";
				TEST_HOST = "$(BUILT_PRODUCTS_DIR)/pokedex.app/pokedex";
			};
			name = Debug;
		};
		F4C91DFA2610395600B6DB79 /* Release */ = {
			isa = XCBuildConfiguration;
			buildSettings = {
				ALWAYS_EMBED_SWIFT_STANDARD_LIBRARIES = YES;
				BUNDLE_LOADER = "$(TEST_HOST)";
				CODE_SIGN_STYLE = Automatic;
				DEVELOPMENT_TEAM = 4VSRYAF2G9;
				INFOPLIST_FILE = pokedexTests/Info.plist;
				IPHONEOS_DEPLOYMENT_TARGET = 14.4;
				LD_RUNPATH_SEARCH_PATHS = (
					"$(inherited)",
					"@executable_path/Frameworks",
					"@loader_path/Frameworks",
				);
				PRODUCT_BUNDLE_IDENTIFIER = com.raphaelfreschi.pokedexTests;
				PRODUCT_NAME = "$(TARGET_NAME)";
				SWIFT_VERSION = 5.0;
				TARGETED_DEVICE_FAMILY = "1,2";
				TEST_HOST = "$(BUILT_PRODUCTS_DIR)/pokedex.app/pokedex";
			};
			name = Release;
		};
		F4C91DFC2610395600B6DB79 /* Debug */ = {
			isa = XCBuildConfiguration;
			buildSettings = {
				ALWAYS_EMBED_SWIFT_STANDARD_LIBRARIES = YES;
				CODE_SIGN_STYLE = Automatic;
				DEVELOPMENT_TEAM = 4VSRYAF2G9;
				INFOPLIST_FILE = pokedexUITests/Info.plist;
				LD_RUNPATH_SEARCH_PATHS = (
					"$(inherited)",
					"@executable_path/Frameworks",
					"@loader_path/Frameworks",
				);
				PRODUCT_BUNDLE_IDENTIFIER = com.raphaelfreschi.pokedexUITests;
				PRODUCT_NAME = "$(TARGET_NAME)";
				SWIFT_VERSION = 5.0;
				TARGETED_DEVICE_FAMILY = "1,2";
				TEST_TARGET_NAME = pokedex;
			};
			name = Debug;
		};
		F4C91DFD2610395600B6DB79 /* Release */ = {
			isa = XCBuildConfiguration;
			buildSettings = {
				ALWAYS_EMBED_SWIFT_STANDARD_LIBRARIES = YES;
				CODE_SIGN_STYLE = Automatic;
				DEVELOPMENT_TEAM = 4VSRYAF2G9;
				INFOPLIST_FILE = pokedexUITests/Info.plist;
				LD_RUNPATH_SEARCH_PATHS = (
					"$(inherited)",
					"@executable_path/Frameworks",
					"@loader_path/Frameworks",
				);
				PRODUCT_BUNDLE_IDENTIFIER = com.raphaelfreschi.pokedexUITests;
				PRODUCT_NAME = "$(TARGET_NAME)";
				SWIFT_VERSION = 5.0;
				TARGETED_DEVICE_FAMILY = "1,2";
				TEST_TARGET_NAME = pokedex;
			};
			name = Release;
		};
/* End XCBuildConfiguration section */

/* Begin XCConfigurationList section */
		F4C91DC62610395500B6DB79 /* Build configuration list for PBXProject "pokedex" */ = {
			isa = XCConfigurationList;
			buildConfigurations = (
				F4C91DF32610395600B6DB79 /* Debug */,
				F4C91DF42610395600B6DB79 /* Release */,
			);
			defaultConfigurationIsVisible = 0;
			defaultConfigurationName = Release;
		};
		F4C91DF52610395600B6DB79 /* Build configuration list for PBXNativeTarget "pokedex" */ = {
			isa = XCConfigurationList;
			buildConfigurations = (
				F4C91DF62610395600B6DB79 /* Debug */,
				F4C91DF72610395600B6DB79 /* Release */,
			);
			defaultConfigurationIsVisible = 0;
			defaultConfigurationName = Release;
		};
		F4C91DF82610395600B6DB79 /* Build configuration list for PBXNativeTarget "pokedexTests" */ = {
			isa = XCConfigurationList;
			buildConfigurations = (
				F4C91DF92610395600B6DB79 /* Debug */,
				F4C91DFA2610395600B6DB79 /* Release */,
			);
			defaultConfigurationIsVisible = 0;
			defaultConfigurationName = Release;
		};
		F4C91DFB2610395600B6DB79 /* Build configuration list for PBXNativeTarget "pokedexUITests" */ = {
			isa = XCConfigurationList;
			buildConfigurations = (
				F4C91DFC2610395600B6DB79 /* Debug */,
				F4C91DFD2610395600B6DB79 /* Release */,
			);
			defaultConfigurationIsVisible = 0;
			defaultConfigurationName = Release;
		};
/* End XCConfigurationList section */
	};
	rootObject = F4C91DC32610395500B6DB79 /* Project object */;
}
