// !$*UTF8*$!
{
	archiveVersion = 1;
	classes = {
	};
	objectVersion = 51;
	objects = {

/* Begin PBXBuildFile section */
		4434748468811496691C8476 /* Pods_pokedex_pokedexUITests.framework in Frameworks */ = {isa = PBXBuildFile; fileRef = DF37254FDD31FE6A83BE826E /* Pods_pokedex_pokedexUITests.framework */; };
		8273C1B5C6C5D368C95C3170 /* Pods_pokedexTests.framework in Frameworks */ = {isa = PBXBuildFile; fileRef = E64FB6B7FEF28C55555EE1F9 /* Pods_pokedexTests.framework */; };
		BFA0A0D53B606EF0EB1BA6D9 /* Pods_pokedex.framework in Frameworks */ = {isa = PBXBuildFile; fileRef = 5EFD9AEB6EA9236F6FCBA208 /* Pods_pokedex.framework */; };
		F4493C532611457E00ED8E72 /* DetailViewController.swift in Sources */ = {isa = PBXBuildFile; fileRef = F4493C522611457E00ED8E72 /* DetailViewController.swift */; };
		F4493C582611470500ED8E72 /* PokeImageCollectionViewCell.swift in Sources */ = {isa = PBXBuildFile; fileRef = F4493C572611470500ED8E72 /* PokeImageCollectionViewCell.swift */; };
		F4493C602611472000ED8E72 /* PokeTypeCollectionViewCell.swift in Sources */ = {isa = PBXBuildFile; fileRef = F4493C5F2611472000ED8E72 /* PokeTypeCollectionViewCell.swift */; };
		F4493C6526114EE200ED8E72 /* AbilitiesViewController.swift in Sources */ = {isa = PBXBuildFile; fileRef = F4493C6426114EE200ED8E72 /* AbilitiesViewController.swift */; };
		F4493C6A26114F6600ED8E72 /* AbilitiesTableViewCell.swift in Sources */ = {isa = PBXBuildFile; fileRef = F4493C6926114F6600ED8E72 /* AbilitiesTableViewCell.swift */; };
		F4874804261189CA002CDD44 /* PokeRequest.swift in Sources */ = {isa = PBXBuildFile; fileRef = F4874803261189CA002CDD44 /* PokeRequest.swift */; };
		F487480926118BCF002CDD44 /* Pokemon.swift in Sources */ = {isa = PBXBuildFile; fileRef = F487480826118BCF002CDD44 /* Pokemon.swift */; };
		F48748112611A788002CDD44 /* Displayable.swift in Sources */ = {isa = PBXBuildFile; fileRef = F48748102611A788002CDD44 /* Displayable.swift */; };
		F48748162611AC9B002CDD44 /* Extension.swift in Sources */ = {isa = PBXBuildFile; fileRef = F48748152611AC9B002CDD44 /* Extension.swift */; };
		F487481B2611B10D002CDD44 /* Detail.swift in Sources */ = {isa = PBXBuildFile; fileRef = F487481A2611B10D002CDD44 /* Detail.swift */; };
		F487482B2611D30C002CDD44 /* StatsViewController.swift in Sources */ = {isa = PBXBuildFile; fileRef = F487482A2611D30C002CDD44 /* StatsViewController.swift */; };
		F48748302611D53E002CDD44 /* EvolutionViewController.swift in Sources */ = {isa = PBXBuildFile; fileRef = F487482F2611D53E002CDD44 /* EvolutionViewController.swift */; };
		F4C91DCF2610395500B6DB79 /* AppDelegate.swift in Sources */ = {isa = PBXBuildFile; fileRef = F4C91DCE2610395500B6DB79 /* AppDelegate.swift */; };
		F4C91DD12610395500B6DB79 /* SceneDelegate.swift in Sources */ = {isa = PBXBuildFile; fileRef = F4C91DD02610395500B6DB79 /* SceneDelegate.swift */; };
		F4C91DD32610395500B6DB79 /* ViewController.swift in Sources */ = {isa = PBXBuildFile; fileRef = F4C91DD22610395500B6DB79 /* ViewController.swift */; };
		F4C91DD62610395500B6DB79 /* Main.storyboard in Resources */ = {isa = PBXBuildFile; fileRef = F4C91DD42610395500B6DB79 /* Main.storyboard */; };
		F4C91DD82610395600B6DB79 /* Assets.xcassets in Resources */ = {isa = PBXBuildFile; fileRef = F4C91DD72610395600B6DB79 /* Assets.xcassets */; };
		F4C91DDB2610395600B6DB79 /* LaunchScreen.storyboard in Resources */ = {isa = PBXBuildFile; fileRef = F4C91DD92610395600B6DB79 /* LaunchScreen.storyboard */; };
		F4C91DE62610395600B6DB79 /* pokedexTests.swift in Sources */ = {isa = PBXBuildFile; fileRef = F4C91DE52610395600B6DB79 /* pokedexTests.swift */; };
		F4C91DF12610395600B6DB79 /* pokedexUITests.swift in Sources */ = {isa = PBXBuildFile; fileRef = F4C91DF02610395600B6DB79 /* pokedexUITests.swift */; };
		F4C91E11261043DA00B6DB79 /* PokeCell.xib in Resources */ = {isa = PBXBuildFile; fileRef = F4C91E10261043DA00B6DB79 /* PokeCell.xib */; };
		F4C91E162610447D00B6DB79 /* PokeTableViewCell.swift in Sources */ = {isa = PBXBuildFile; fileRef = F4C91E152610447D00B6DB79 /* PokeTableViewCell.swift */; };
/* End PBXBuildFile section */

/* Begin PBXContainerItemProxy section */
		F4C91DE22610395600B6DB79 /* PBXContainerItemProxy */ = {
			isa = PBXContainerItemProxy;
			containerPortal = F4C91DC32610395500B6DB79 /* Project object */;
			proxyType = 1;
			remoteGlobalIDString = F4C91DCA2610395500B6DB79;
			remoteInfo = pokedex;
		};
		F4C91DED2610395600B6DB79 /* PBXContainerItemProxy */ = {
			isa = PBXContainerItemProxy;
			containerPortal = F4C91DC32610395500B6DB79 /* Project object */;
			proxyType = 1;
			remoteGlobalIDString = F4C91DCA2610395500B6DB79;
			remoteInfo = pokedex;
		};
/* End PBXContainerItemProxy section */

/* Begin PBXFileReference section */
		024B9379390C68F4B0354C4D /* Pods-pokedex.release.xcconfig */ = {isa = PBXFileReference; includeInIndex = 1; lastKnownFileType = text.xcconfig; name = "Pods-pokedex.release.xcconfig"; path = "Target Support Files/Pods-pokedex/Pods-pokedex.release.xcconfig"; sourceTree = "<group>"; };
		29139F1224195638549A917E /* Pods-pokedexTests.release.xcconfig */ = {isa = PBXFileReference; includeInIndex = 1; lastKnownFileType = text.xcconfig; name = "Pods-pokedexTests.release.xcconfig"; path = "Target Support Files/Pods-pokedexTests/Pods-pokedexTests.release.xcconfig"; sourceTree = "<group>"; };
		345F6881CE869E715FB6654A /* Pods-pokedex-pokedexUITests.debug.xcconfig */ = {isa = PBXFileReference; includeInIndex = 1; lastKnownFileType = text.xcconfig; name = "Pods-pokedex-pokedexUITests.debug.xcconfig"; path = "Target Support Files/Pods-pokedex-pokedexUITests/Pods-pokedex-pokedexUITests.debug.xcconfig"; sourceTree = "<group>"; };
		49E2C52151D99E23F3C662F3 /* Pods-pokedex.debug.xcconfig */ = {isa = PBXFileReference; includeInIndex = 1; lastKnownFileType = text.xcconfig; name = "Pods-pokedex.debug.xcconfig"; path = "Target Support Files/Pods-pokedex/Pods-pokedex.debug.xcconfig"; sourceTree = "<group>"; };
		5EFD9AEB6EA9236F6FCBA208 /* Pods_pokedex.framework */ = {isa = PBXFileReference; explicitFileType = wrapper.framework; includeInIndex = 0; path = Pods_pokedex.framework; sourceTree = BUILT_PRODUCTS_DIR; };
		DF37254FDD31FE6A83BE826E /* Pods_pokedex_pokedexUITests.framework */ = {isa = PBXFileReference; explicitFileType = wrapper.framework; includeInIndex = 0; path = Pods_pokedex_pokedexUITests.framework; sourceTree = BUILT_PRODUCTS_DIR; };
		E64FB6B7FEF28C55555EE1F9 /* Pods_pokedexTests.framework */ = {isa = PBXFileReference; explicitFileType = wrapper.framework; includeInIndex = 0; path = Pods_pokedexTests.framework; sourceTree = BUILT_PRODUCTS_DIR; };
		E91D728B22F0D8B05B47D427 /* Pods-pokedexTests.debug.xcconfig */ = {isa = PBXFileReference; includeInIndex = 1; lastKnownFileType = text.xcconfig; name = "Pods-pokedexTests.debug.xcconfig"; path = "Target Support Files/Pods-pokedexTests/Pods-pokedexTests.debug.xcconfig"; sourceTree = "<group>"; };
		EB045DFEA4F0318DCFA4273E /* Pods-pokedex-pokedexUITests.release.xcconfig */ = {isa = PBXFileReference; includeInIndex = 1; lastKnownFileType = text.xcconfig; name = "Pods-pokedex-pokedexUITests.release.xcconfig"; path = "Target Support Files/Pods-pokedex-pokedexUITests/Pods-pokedex-pokedexUITests.release.xcconfig"; sourceTree = "<group>"; };
		F4493C522611457E00ED8E72 /* DetailViewController.swift */ = {isa = PBXFileReference; lastKnownFileType = sourcecode.swift; path = DetailViewController.swift; sourceTree = "<group>"; };
		F4493C572611470500ED8E72 /* PokeImageCollectionViewCell.swift */ = {isa = PBXFileReference; lastKnownFileType = sourcecode.swift; path = PokeImageCollectionViewCell.swift; sourceTree = "<group>"; };
		F4493C5F2611472000ED8E72 /* PokeTypeCollectionViewCell.swift */ = {isa = PBXFileReference; lastKnownFileType = sourcecode.swift; path = PokeTypeCollectionViewCell.swift; sourceTree = "<group>"; };
		F4493C6426114EE200ED8E72 /* AbilitiesViewController.swift */ = {isa = PBXFileReference; lastKnownFileType = sourcecode.swift; path = AbilitiesViewController.swift; sourceTree = "<group>"; };
		F4493C6926114F6600ED8E72 /* AbilitiesTableViewCell.swift */ = {isa = PBXFileReference; lastKnownFileType = sourcecode.swift; path = AbilitiesTableViewCell.swift; sourceTree = "<group>"; };
		F4874803261189CA002CDD44 /* PokeRequest.swift */ = {isa = PBXFileReference; lastKnownFileType = sourcecode.swift; path = PokeRequest.swift; sourceTree = "<group>"; };
		F487480826118BCF002CDD44 /* Pokemon.swift */ = {isa = PBXFileReference; lastKnownFileType = sourcecode.swift; path = Pokemon.swift; sourceTree = "<group>"; };
		F48748102611A788002CDD44 /* Displayable.swift */ = {isa = PBXFileReference; lastKnownFileType = sourcecode.swift; path = Displayable.swift; sourceTree = "<group>"; };
		F48748152611AC9B002CDD44 /* Extension.swift */ = {isa = PBXFileReference; lastKnownFileType = sourcecode.swift; path = Extension.swift; sourceTree = "<group>"; };
		F487481A2611B10D002CDD44 /* Detail.swift */ = {isa = PBXFileReference; lastKnownFileType = sourcecode.swift; path = Detail.swift; sourceTree = "<group>"; };
		F487482A2611D30C002CDD44 /* StatsViewController.swift */ = {isa = PBXFileReference; lastKnownFileType = sourcecode.swift; path = StatsViewController.swift; sourceTree = "<group>"; };
		F487482F2611D53E002CDD44 /* EvolutionViewController.swift */ = {isa = PBXFileReference; lastKnownFileType = sourcecode.swift; path = EvolutionViewController.swift; sourceTree = "<group>"; };
		F4C91DCB2610395500B6DB79 /* pokedex.app */ = {isa = PBXFileReference; explicitFileType = wrapper.application; includeInIndex = 0; path = pokedex.app; sourceTree = BUILT_PRODUCTS_DIR; };
		F4C91DCE2610395500B6DB79 /* AppDelegate.swift */ = {isa = PBXFileReference; lastKnownFileType = sourcecode.swift; path = AppDelegate.swift; sourceTree = "<group>"; };
		F4C91DD02610395500B6DB79 /* SceneDelegate.swift */ = {isa = PBXFileReference; lastKnownFileType = sourcecode.swift; path = SceneDelegate.swift; sourceTree = "<group>"; };
		F4C91DD22610395500B6DB79 /* ViewController.swift */ = {isa = PBXFileReference; lastKnownFileType = sourcecode.swift; path = ViewController.swift; sourceTree = "<group>"; };
		F4C91DD52610395500B6DB79 /* Base */ = {isa = PBXFileReference; lastKnownFileType = file.storyboard; name = Base; path = Base.lproj/Main.storyboard; sourceTree = "<group>"; };
		F4C91DD72610395600B6DB79 /* Assets.xcassets */ = {isa = PBXFileReference; lastKnownFileType = folder.assetcatalog; path = Assets.xcassets; sourceTree = "<group>"; };
		F4C91DDA2610395600B6DB79 /* Base */ = {isa = PBXFileReference; lastKnownFileType = file.storyboard; name = Base; path = Base.lproj/LaunchScreen.storyboard; sourceTree = "<group>"; };
		F4C91DDC2610395600B6DB79 /* Info.plist */ = {isa = PBXFileReference; lastKnownFileType = text.plist.xml; path = Info.plist; sourceTree = "<group>"; };
		F4C91DE12610395600B6DB79 /* pokedexTests.xctest */ = {isa = PBXFileReference; explicitFileType = wrapper.cfbundle; includeInIndex = 0; path = pokedexTests.xctest; sourceTree = BUILT_PRODUCTS_DIR; };
		F4C91DE52610395600B6DB79 /* pokedexTests.swift */ = {isa = PBXFileReference; lastKnownFileType = sourcecode.swift; path = pokedexTests.swift; sourceTree = "<group>"; };
		F4C91DE72610395600B6DB79 /* Info.plist */ = {isa = PBXFileReference; lastKnownFileType = text.plist.xml; path = Info.plist; sourceTree = "<group>"; };
		F4C91DEC2610395600B6DB79 /* pokedexUITests.xctest */ = {isa = PBXFileReference; explicitFileType = wrapper.cfbundle; includeInIndex = 0; path = pokedexUITests.xctest; sourceTree = BUILT_PRODUCTS_DIR; };
		F4C91DF02610395600B6DB79 /* pokedexUITests.swift */ = {isa = PBXFileReference; lastKnownFileType = sourcecode.swift; path = pokedexUITests.swift; sourceTree = "<group>"; };
		F4C91DF22610395600B6DB79 /* Info.plist */ = {isa = PBXFileReference; lastKnownFileType = text.plist.xml; path = Info.plist; sourceTree = "<group>"; };
		F4C91E10261043DA00B6DB79 /* PokeCell.xib */ = {isa = PBXFileReference; lastKnownFileType = file.xib; path = PokeCell.xib; sourceTree = "<group>"; };
		F4C91E152610447D00B6DB79 /* PokeTableViewCell.swift */ = {isa = PBXFileReference; lastKnownFileType = sourcecode.swift; path = PokeTableViewCell.swift; sourceTree = "<group>"; };
/* End PBXFileReference section */

/* Begin PBXFrameworksBuildPhase section */
		F4C91DC82610395500B6DB79 /* Frameworks */ = {
			isa = PBXFrameworksBuildPhase;
			buildActionMask = 2147483647;
			files = (
				BFA0A0D53B606EF0EB1BA6D9 /* Pods_pokedex.framework in Frameworks */,
			);
			runOnlyForDeploymentPostprocessing = 0;
		};
		F4C91DDE2610395600B6DB79 /* Frameworks */ = {
			isa = PBXFrameworksBuildPhase;
			buildActionMask = 2147483647;
			files = (
				8273C1B5C6C5D368C95C3170 /* Pods_pokedexTests.framework in Frameworks */,
			);
			runOnlyForDeploymentPostprocessing = 0;
		};
		F4C91DE92610395600B6DB79 /* Frameworks */ = {
			isa = PBXFrameworksBuildPhase;
			buildActionMask = 2147483647;
			files = (
				4434748468811496691C8476 /* Pods_pokedex_pokedexUITests.framework in Frameworks */,
			);
			runOnlyForDeploymentPostprocessing = 0;
		};
/* End PBXFrameworksBuildPhase section */

/* Begin PBXGroup section */
		1D84480E5228FDA62BBCF78F /* Pods */ = {
			isa = PBXGroup;
			children = (
				49E2C52151D99E23F3C662F3 /* Pods-pokedex.debug.xcconfig */,
				024B9379390C68F4B0354C4D /* Pods-pokedex.release.xcconfig */,
				345F6881CE869E715FB6654A /* Pods-pokedex-pokedexUITests.debug.xcconfig */,
				EB045DFEA4F0318DCFA4273E /* Pods-pokedex-pokedexUITests.release.xcconfig */,
				E91D728B22F0D8B05B47D427 /* Pods-pokedexTests.debug.xcconfig */,
				29139F1224195638549A917E /* Pods-pokedexTests.release.xcconfig */,
			);
			path = Pods;
			sourceTree = "<group>";
		};
		30C5EFC125A273CE3C52E91C /* Frameworks */ = {
			isa = PBXGroup;
			children = (
				5EFD9AEB6EA9236F6FCBA208 /* Pods_pokedex.framework */,
				DF37254FDD31FE6A83BE826E /* Pods_pokedex_pokedexUITests.framework */,
				E64FB6B7FEF28C55555EE1F9 /* Pods_pokedexTests.framework */,
			);
			name = Frameworks;
			sourceTree = "<group>";
		};
		F4712C35261304B80043CC57 /* View */ = {
			isa = PBXGroup;
			children = (
				F4493C5F2611472000ED8E72 /* PokeTypeCollectionViewCell.swift */,
				F4493C6926114F6600ED8E72 /* AbilitiesTableViewCell.swift */,
				F4493C572611470500ED8E72 /* PokeImageCollectionViewCell.swift */,
				F4C91E152610447D00B6DB79 /* PokeTableViewCell.swift */,
				F4C91DD92610395600B6DB79 /* LaunchScreen.storyboard */,
				F4C91DD42610395500B6DB79 /* Main.storyboard */,
				F4C91E10261043DA00B6DB79 /* PokeCell.xib */,
			);
			path = View;
			sourceTree = "<group>";
		};
		F4712C36261304C20043CC57 /* Model */ = {
			isa = PBXGroup;
			children = (
				F487481A2611B10D002CDD44 /* Detail.swift */,
				F487480826118BCF002CDD44 /* Pokemon.swift */,
				F48748102611A788002CDD44 /* Displayable.swift */,
			);
			path = Model;
			sourceTree = "<group>";
		};
		F4712C37261304D70043CC57 /* ViewController */ = {
			isa = PBXGroup;
			children = (
				F4493C522611457E00ED8E72 /* DetailViewController.swift */,
				F487482A2611D30C002CDD44 /* StatsViewController.swift */,
				F4C91DD22610395500B6DB79 /* ViewController.swift */,
				F487482F2611D53E002CDD44 /* EvolutionViewController.swift */,
				F4493C6426114EE200ED8E72 /* AbilitiesViewController.swift */,
			);
			path = ViewController;
			sourceTree = "<group>";
		};
		F4712C38261304DE0043CC57 /* Extension */ = {
			isa = PBXGroup;
			children = (
				F48748152611AC9B002CDD44 /* Extension.swift */,
			);
			path = Extension;
			sourceTree = "<group>";
		};
		F4712C392613050E0043CC57 /* Service */ = {
			isa = PBXGroup;
			children = (
				F4874803261189CA002CDD44 /* PokeRequest.swift */,
			);
			path = Service;
			sourceTree = "<group>";
		};
		F4C91DC22610395500B6DB79 = {
			isa = PBXGroup;
			children = (
				F4C91DCD2610395500B6DB79 /* pokedex */,
				F4C91DE42610395600B6DB79 /* pokedexTests */,
				F4C91DEF2610395600B6DB79 /* pokedexUITests */,
				F4C91DCC2610395500B6DB79 /* Products */,
				1D84480E5228FDA62BBCF78F /* Pods */,
				30C5EFC125A273CE3C52E91C /* Frameworks */,
			);
			sourceTree = "<group>";
		};
		F4C91DCC2610395500B6DB79 /* Products */ = {
			isa = PBXGroup;
			children = (
				F4C91DCB2610395500B6DB79 /* pokedex.app */,
				F4C91DE12610395600B6DB79 /* pokedexTests.xctest */,
				F4C91DEC2610395600B6DB79 /* pokedexUITests.xctest */,
			);
			name = Products;
			sourceTree = "<group>";
		};
		F4C91DCD2610395500B6DB79 /* pokedex */ = {
			isa = PBXGroup;
			children = (
				F4C91DCE2610395500B6DB79 /* AppDelegate.swift */,
				F4C91DD02610395500B6DB79 /* SceneDelegate.swift */,
				F4C91DD72610395600B6DB79 /* Assets.xcassets */,
				F4712C35261304B80043CC57 /* View */,
				F4712C392613050E0043CC57 /* Service */,
				F4712C38261304DE0043CC57 /* Extension */,
				F4712C36261304C20043CC57 /* Model */,
				F4712C37261304D70043CC57 /* ViewController */,
				F4C91DDC2610395600B6DB79 /* Info.plist */,
			);
			path = pokedex;
			sourceTree = "<group>";
		};
		F4C91DE42610395600B6DB79 /* pokedexTests */ = {
			isa = PBXGroup;
			children = (
				F4C91DE52610395600B6DB79 /* pokedexTests.swift */,
				F4C91DE72610395600B6DB79 /* Info.plist */,
			);
			path = pokedexTests;
			sourceTree = "<group>";
		};
		F4C91DEF2610395600B6DB79 /* pokedexUITests */ = {
			isa = PBXGroup;
			children = (
				F4C91DF02610395600B6DB79 /* pokedexUITests.swift */,
				F4C91DF22610395600B6DB79 /* Info.plist */,
			);
			path = pokedexUITests;
			sourceTree = "<group>";
		};
/* End PBXGroup section */

/* Begin PBXNativeTarget section */
		F4C91DCA2610395500B6DB79 /* pokedex */ = {
			isa = PBXNativeTarget;
			buildConfigurationList = F4C91DF52610395600B6DB79 /* Build configuration list for PBXNativeTarget "pokedex" */;
			buildPhases = (
				C22A673E8C38D8BE3FBD5FBA /* [CP] Check Pods Manifest.lock */,
				F4C91DC72610395500B6DB79 /* Sources */,
				F4C91DC82610395500B6DB79 /* Frameworks */,
				F4C91DC92610395500B6DB79 /* Resources */,
				C7C9738F6F0607C2ABC33655 /* [CP] Embed Pods Frameworks */,
			);
			buildRules = (
			);
			dependencies = (
			);
			name = pokedex;
			productName = pokedex;
			productReference = F4C91DCB2610395500B6DB79 /* pokedex.app */;
			productType = "com.apple.product-type.application";
		};
		F4C91DE02610395600B6DB79 /* pokedexTests */ = {
			isa = PBXNativeTarget;
			buildConfigurationList = F4C91DF82610395600B6DB79 /* Build configuration list for PBXNativeTarget "pokedexTests" */;
			buildPhases = (
				5B892EA28849D4C7DC048466 /* [CP] Check Pods Manifest.lock */,
				F4C91DDD2610395600B6DB79 /* Sources */,
				F4C91DDE2610395600B6DB79 /* Frameworks */,
				F4C91DDF2610395600B6DB79 /* Resources */,
			);
			buildRules = (
			);
			dependencies = (
				F4C91DE32610395600B6DB79 /* PBXTargetDependency */,
			);
			name = pokedexTests;
			productName = pokedexTests;
			productReference = F4C91DE12610395600B6DB79 /* pokedexTests.xctest */;
			productType = "com.apple.product-type.bundle.unit-test";
		};
		F4C91DEB2610395600B6DB79 /* pokedexUITests */ = {
			isa = PBXNativeTarget;
			buildConfigurationList = F4C91DFB2610395600B6DB79 /* Build configuration list for PBXNativeTarget "pokedexUITests" */;
			buildPhases = (
				7A210DA30D98C11BF825C75F /* [CP] Check Pods Manifest.lock */,
				F4C91DE82610395600B6DB79 /* Sources */,
				F4C91DE92610395600B6DB79 /* Frameworks */,
				F4C91DEA2610395600B6DB79 /* Resources */,
				7A7F3231C3A01B45359A2569 /* [CP] Embed Pods Frameworks */,
			);
			buildRules = (
			);
			dependencies = (
				F4C91DEE2610395600B6DB79 /* PBXTargetDependency */,
			);
			name = pokedexUITests;
			productName = pokedexUITests;
			productReference = F4C91DEC2610395600B6DB79 /* pokedexUITests.xctest */;
			productType = "com.apple.product-type.bundle.ui-testing";
		};
/* End PBXNativeTarget section */

/* Begin PBXProject section */
		F4C91DC32610395500B6DB79 /* Project object */ = {
			isa = PBXProject;
			attributes = {
				LastSwiftUpdateCheck = 1240;
				LastUpgradeCheck = 1240;
				TargetAttributes = {
					F4C91DCA2610395500B6DB79 = {
						CreatedOnToolsVersion = 12.4;
					};
					F4C91DE02610395600B6DB79 = {
						CreatedOnToolsVersion = 12.4;
						TestTargetID = F4C91DCA2610395500B6DB79;
					};
					F4C91DEB2610395600B6DB79 = {
						CreatedOnToolsVersion = 12.4;
						TestTargetID = F4C91DCA2610395500B6DB79;
					};
				};
			};
			buildConfigurationList = F4C91DC62610395500B6DB79 /* Build configuration list for PBXProject "pokedex" */;
			compatibilityVersion = "Xcode 9.3";
			developmentRegion = en;
			hasScannedForEncodings = 0;
			knownRegions = (
				en,
				Base,
			);
			mainGroup = F4C91DC22610395500B6DB79;
			productRefGroup = F4C91DCC2610395500B6DB79 /* Products */;
			projectDirPath = "";
			projectRoot = "";
			targets = (
				F4C91DCA2610395500B6DB79 /* pokedex */,
				F4C91DE02610395600B6DB79 /* pokedexTests */,
				F4C91DEB2610395600B6DB79 /* pokedexUITests */,
			);
		};
/* End PBXProject section */

/* Begin PBXResourcesBuildPhase section */
		F4C91DC92610395500B6DB79 /* Resources */ = {
			isa = PBXResourcesBuildPhase;
			buildActionMask = 2147483647;
			files = (
				F4C91E11261043DA00B6DB79 /* PokeCell.xib in Resources */,
				F4C91DDB2610395600B6DB79 /* LaunchScreen.storyboard in Resources */,
				F4C91DD82610395600B6DB79 /* Assets.xcassets in Resources */,
				F4C91DD62610395500B6DB79 /* Main.storyboard in Resources */,
			);
			runOnlyForDeploymentPostprocessing = 0;
		};
		F4C91DDF2610395600B6DB79 /* Resources */ = {
			isa = PBXResourcesBuildPhase;
			buildActionMask = 2147483647;
			files = (
			);
			runOnlyForDeploymentPostprocessing = 0;
		};
		F4C91DEA2610395600B6DB79 /* Resources */ = {
			isa = PBXResourcesBuildPhase;
			buildActionMask = 2147483647;
			files = (
			);
			runOnlyForDeploymentPostprocessing = 0;
		};
/* End PBXResourcesBuildPhase section */

/* Begin PBXShellScriptBuildPhase section */
		5B892EA28849D4C7DC048466 /* [CP] Check Pods Manifest.lock */ = {
			isa = PBXShellScriptBuildPhase;
			buildActionMask = 2147483647;
			files = (
			);
			inputFileListPaths = (
			);
			inputPaths = (
				"${PODS_PODFILE_DIR_PATH}/Podfile.lock",
				"${PODS_ROOT}/Manifest.lock",
			);
			name = "[CP] Check Pods Manifest.lock";
			outputFileListPaths = (
			);
			outputPaths = (
				"$(DERIVED_FILE_DIR)/Pods-pokedexTests-checkManifestLockResult.txt",
			);
			runOnlyForDeploymentPostprocessing = 0;
			shellPath = /bin/sh;
			shellScript = "diff \"${PODS_PODFILE_DIR_PATH}/Podfile.lock\" \"${PODS_ROOT}/Manifest.lock\" > /dev/null\nif [ $? != 0 ] ; then\n    # print error to STDERR\n    echo \"error: The sandbox is not in sync with the Podfile.lock. Run 'pod install' or update your CocoaPods installation.\" >&2\n    exit 1\nfi\n# This output is used by Xcode 'outputs' to avoid re-running this script phase.\necho \"SUCCESS\" > \"${SCRIPT_OUTPUT_FILE_0}\"\n";
			showEnvVarsInLog = 0;
		};
		7A210DA30D98C11BF825C75F /* [CP] Check Pods Manifest.lock */ = {
			isa = PBXShellScriptBuildPhase;
			buildActionMask = 2147483647;
			files = (
			);
			inputFileListPaths = (
			);
			inputPaths = (
				"${PODS_PODFILE_DIR_PATH}/Podfile.lock",
				"${PODS_ROOT}/Manifest.lock",
			);
			name = "[CP] Check Pods Manifest.lock";
			outputFileListPaths = (
			);
			outputPaths = (
				"$(DERIVED_FILE_DIR)/Pods-pokedex-pokedexUITests-checkManifestLockResult.txt",
			);
			runOnlyForDeploymentPostprocessing = 0;
			shellPath = /bin/sh;
			shellScript = "diff \"${PODS_PODFILE_DIR_PATH}/Podfile.lock\" \"${PODS_ROOT}/Manifest.lock\" > /dev/null\nif [ $? != 0 ] ; then\n    # print error to STDERR\n    echo \"error: The sandbox is not in sync with the Podfile.lock. Run 'pod install' or update your CocoaPods installation.\" >&2\n    exit 1\nfi\n# This output is used by Xcode 'outputs' to avoid re-running this script phase.\necho \"SUCCESS\" > \"${SCRIPT_OUTPUT_FILE_0}\"\n";
			showEnvVarsInLog = 0;
		};
		7A7F3231C3A01B45359A2569 /* [CP] Embed Pods Frameworks */ = {
			isa = PBXShellScriptBuildPhase;
			buildActionMask = 2147483647;
			files = (
			);
			inputFileListPaths = (
				"${PODS_ROOT}/Target Support Files/Pods-pokedex-pokedexUITests/Pods-pokedex-pokedexUITests-frameworks-${CONFIGURATION}-input-files.xcfilelist",
			);
			name = "[CP] Embed Pods Frameworks";
			outputFileListPaths = (
				"${PODS_ROOT}/Target Support Files/Pods-pokedex-pokedexUITests/Pods-pokedex-pokedexUITests-frameworks-${CONFIGURATION}-output-files.xcfilelist",
			);
			runOnlyForDeploymentPostprocessing = 0;
			shellPath = /bin/sh;
			shellScript = "\"${PODS_ROOT}/Target Support Files/Pods-pokedex-pokedexUITests/Pods-pokedex-pokedexUITests-frameworks.sh\"\n";
			showEnvVarsInLog = 0;
		};
		C22A673E8C38D8BE3FBD5FBA /* [CP] Check Pods Manifest.lock */ = {
			isa = PBXShellScriptBuildPhase;
			buildActionMask = 2147483647;
			files = (
			);
			inputFileListPaths = (
			);
			inputPaths = (
				"${PODS_PODFILE_DIR_PATH}/Podfile.lock",
				"${PODS_ROOT}/Manifest.lock",
			);
			name = "[CP] Check Pods Manifest.lock";
			outputFileListPaths = (
			);
			outputPaths = (
				"$(DERIVED_FILE_DIR)/Pods-pokedex-checkManifestLockResult.txt",
			);
			runOnlyForDeploymentPostprocessing = 0;
			shellPath = /bin/sh;
			shellScript = "diff \"${PODS_PODFILE_DIR_PATH}/Podfile.lock\" \"${PODS_ROOT}/Manifest.lock\" > /dev/null\nif [ $? != 0 ] ; then\n    # print error to STDERR\n    echo \"error: The sandbox is not in sync with the Podfile.lock. Run 'pod install' or update your CocoaPods installation.\" >&2\n    exit 1\nfi\n# This output is used by Xcode 'outputs' to avoid re-running this script phase.\necho \"SUCCESS\" > \"${SCRIPT_OUTPUT_FILE_0}\"\n";
			showEnvVarsInLog = 0;
		};
		C7C9738F6F0607C2ABC33655 /* [CP] Embed Pods Frameworks */ = {
			isa = PBXShellScriptBuildPhase;
			buildActionMask = 2147483647;
			files = (
			);
			inputFileListPaths = (
				"${PODS_ROOT}/Target Support Files/Pods-pokedex/Pods-pokedex-frameworks-${CONFIGURATION}-input-files.xcfilelist",
			);
			name = "[CP] Embed Pods Frameworks";
			outputFileListPaths = (
				"${PODS_ROOT}/Target Support Files/Pods-pokedex/Pods-pokedex-frameworks-${CONFIGURATION}-output-files.xcfilelist",
			);
			runOnlyForDeploymentPostprocessing = 0;
			shellPath = /bin/sh;
			shellScript = "\"${PODS_ROOT}/Target Support Files/Pods-pokedex/Pods-pokedex-frameworks.sh\"\n";
			showEnvVarsInLog = 0;
		};
/* End PBXShellScriptBuildPhase section */

/* Begin PBXSourcesBuildPhase section */
		F4C91DC72610395500B6DB79 /* Sources */ = {
			isa = PBXSourcesBuildPhase;
			buildActionMask = 2147483647;
			files = (
				F4C91E162610447D00B6DB79 /* PokeTableViewCell.swift in Sources */,
				F4493C602611472000ED8E72 /* PokeTypeCollectionViewCell.swift in Sources */,
				F4C91DD32610395500B6DB79 /* ViewController.swift in Sources */,
				F4493C532611457E00ED8E72 /* DetailViewController.swift in Sources */,
				F4C91DCF2610395500B6DB79 /* AppDelegate.swift in Sources */,
				F4493C6526114EE200ED8E72 /* AbilitiesViewController.swift in Sources */,
				F487480926118BCF002CDD44 /* Pokemon.swift in Sources */,
				F4874804261189CA002CDD44 /* PokeRequest.swift in Sources */,
				F487481B2611B10D002CDD44 /* Detail.swift in Sources */,
				F4493C6A26114F6600ED8E72 /* AbilitiesTableViewCell.swift in Sources */,
				F48748162611AC9B002CDD44 /* Extension.swift in Sources */,
				F4C91DD12610395500B6DB79 /* SceneDelegate.swift in Sources */,
				F48748302611D53E002CDD44 /* EvolutionViewController.swift in Sources */,
				F48748112611A788002CDD44 /* Displayable.swift in Sources */,
				F487482B2611D30C002CDD44 /* StatsViewController.swift in Sources */,
				F4493C582611470500ED8E72 /* PokeImageCollectionViewCell.swift in Sources */,
			);
			runOnlyForDeploymentPostprocessing = 0;
		};
		F4C91DDD2610395600B6DB79 /* Sources */ = {
			isa = PBXSourcesBuildPhase;
			buildActionMask = 2147483647;
			files = (
				F4C91DE62610395600B6DB79 /* pokedexTests.swift in Sources */,
			);
			runOnlyForDeploymentPostprocessing = 0;
		};
		F4C91DE82610395600B6DB79 /* Sources */ = {
			isa = PBXSourcesBuildPhase;
			buildActionMask = 2147483647;
			files = (
				F4C91DF12610395600B6DB79 /* pokedexUITests.swift in Sources */,
			);
			runOnlyForDeploymentPostprocessing = 0;
		};
/* End PBXSourcesBuildPhase section */

/* Begin PBXTargetDependency section */
		F4C91DE32610395600B6DB79 /* PBXTargetDependency */ = {
			isa = PBXTargetDependency;
			target = F4C91DCA2610395500B6DB79 /* pokedex */;
			targetProxy = F4C91DE22610395600B6DB79 /* PBXContainerItemProxy */;
		};
		F4C91DEE2610395600B6DB79 /* PBXTargetDependency */ = {
			isa = PBXTargetDependency;
			target = F4C91DCA2610395500B6DB79 /* pokedex */;
			targetProxy = F4C91DED2610395600B6DB79 /* PBXContainerItemProxy */;
		};
/* End PBXTargetDependency section */

/* Begin PBXVariantGroup section */
		F4C91DD42610395500B6DB79 /* Main.storyboard */ = {
			isa = PBXVariantGroup;
			children = (
				F4C91DD52610395500B6DB79 /* Base */,
			);
			name = Main.storyboard;
			sourceTree = "<group>";
		};
		F4C91DD92610395600B6DB79 /* LaunchScreen.storyboard */ = {
			isa = PBXVariantGroup;
			children = (
				F4C91DDA2610395600B6DB79 /* Base */,
			);
			name = LaunchScreen.storyboard;
			sourceTree = "<group>";
		};
/* End PBXVariantGroup section */

/* Begin XCBuildConfiguration section */
		F4C91DF32610395600B6DB79 /* Debug */ = {
			isa = XCBuildConfiguration;
			buildSettings = {
				ALWAYS_SEARCH_USER_PATHS = NO;
				CLANG_ANALYZER_NONNULL = YES;
				CLANG_ANALYZER_NUMBER_OBJECT_CONVERSION = YES_AGGRESSIVE;
				CLANG_CXX_LANGUAGE_STANDARD = "gnu++14";
				CLANG_CXX_LIBRARY = "libc++";
				CLANG_ENABLE_MODULES = YES;
				CLANG_ENABLE_OBJC_ARC = YES;
				CLANG_ENABLE_OBJC_WEAK = YES;
				CLANG_WARN_BLOCK_CAPTURE_AUTORELEASING = YES;
				CLANG_WARN_BOOL_CONVERSION = YES;
				CLANG_WARN_COMMA = YES;
				CLANG_WARN_CONSTANT_CONVERSION = YES;
				CLANG_WARN_DEPRECATED_OBJC_IMPLEMENTATIONS = YES;
				CLANG_WARN_DIRECT_OBJC_ISA_USAGE = YES_ERROR;
				CLANG_WARN_DOCUMENTATION_COMMENTS = YES;
				CLANG_WARN_EMPTY_BODY = YES;
				CLANG_WARN_ENUM_CONVERSION = YES;
				CLANG_WARN_INFINITE_RECURSION = YES;
				CLANG_WARN_INT_CONVERSION = YES;
				CLANG_WARN_NON_LITERAL_NULL_CONVERSION = YES;
				CLANG_WARN_OBJC_IMPLICIT_RETAIN_SELF = YES;
				CLANG_WARN_OBJC_LITERAL_CONVERSION = YES;
				CLANG_WARN_OBJC_ROOT_CLASS = YES_ERROR;
				CLANG_WARN_QUOTED_INCLUDE_IN_FRAMEWORK_HEADER = YES;
				CLANG_WARN_RANGE_LOOP_ANALYSIS = YES;
				CLANG_WARN_STRICT_PROTOTYPES = YES;
				CLANG_WARN_SUSPICIOUS_MOVE = YES;
				CLANG_WARN_UNGUARDED_AVAILABILITY = YES_AGGRESSIVE;
				CLANG_WARN_UNREACHABLE_CODE = YES;
				CLANG_WARN__DUPLICATE_METHOD_MATCH = YES;
				COPY_PHASE_STRIP = NO;
				DEBUG_INFORMATION_FORMAT = dwarf;
				ENABLE_STRICT_OBJC_MSGSEND = YES;
				ENABLE_TESTABILITY = YES;
				GCC_C_LANGUAGE_STANDARD = gnu11;
				GCC_DYNAMIC_NO_PIC = NO;
				GCC_NO_COMMON_BLOCKS = YES;
				GCC_OPTIMIZATION_LEVEL = 0;
				GCC_PREPROCESSOR_DEFINITIONS = (
					"DEBUG=1",
					"$(inherited)",
				);
				GCC_WARN_64_TO_32_BIT_CONVERSION = YES;
				GCC_WARN_ABOUT_RETURN_TYPE = YES_ERROR;
				GCC_WARN_UNDECLARED_SELECTOR = YES;
				GCC_WARN_UNINITIALIZED_AUTOS = YES_AGGRESSIVE;
				GCC_WARN_UNUSED_FUNCTION = YES;
				GCC_WARN_UNUSED_VARIABLE = YES;
				IPHONEOS_DEPLOYMENT_TARGET = 14.4;
				MTL_ENABLE_DEBUG_INFO = INCLUDE_SOURCE;
				MTL_FAST_MATH = YES;
				ONLY_ACTIVE_ARCH = YES;
				SDKROOT = iphoneos;
				SWIFT_ACTIVE_COMPILATION_CONDITIONS = DEBUG;
				SWIFT_OPTIMIZATION_LEVEL = "-Onone";
			};
			name = Debug;
		};
		F4C91DF42610395600B6DB79 /* Release */ = {
			isa = XCBuildConfiguration;
			buildSettings = {
				ALWAYS_SEARCH_USER_PATHS = NO;
				CLANG_ANALYZER_NONNULL = YES;
				CLANG_ANALYZER_NUMBER_OBJECT_CONVERSION = YES_AGGRESSIVE;
				CLANG_CXX_LANGUAGE_STANDARD = "gnu++14";
				CLANG_CXX_LIBRARY = "libc++";
				CLANG_ENABLE_MODULES = YES;
				CLANG_ENABLE_OBJC_ARC = YES;
				CLANG_ENABLE_OBJC_WEAK = YES;
				CLANG_WARN_BLOCK_CAPTURE_AUTORELEASING = YES;
				CLANG_WARN_BOOL_CONVERSION = YES;
				CLANG_WARN_COMMA = YES;
				CLANG_WARN_CONSTANT_CONVERSION = YES;
				CLANG_WARN_DEPRECATED_OBJC_IMPLEMENTATIONS = YES;
				CLANG_WARN_DIRECT_OBJC_ISA_USAGE = YES_ERROR;
				CLANG_WARN_DOCUMENTATION_COMMENTS = YES;
				CLANG_WARN_EMPTY_BODY = YES;
				CLANG_WARN_ENUM_CONVERSION = YES;
				CLANG_WARN_INFINITE_RECURSION = YES;
				CLANG_WARN_INT_CONVERSION = YES;
				CLANG_WARN_NON_LITERAL_NULL_CONVERSION = YES;
				CLANG_WARN_OBJC_IMPLICIT_RETAIN_SELF = YES;
				CLANG_WARN_OBJC_LITERAL_CONVERSION = YES;
				CLANG_WARN_OBJC_ROOT_CLASS = YES_ERROR;
				CLANG_WARN_QUOTED_INCLUDE_IN_FRAMEWORK_HEADER = YES;
				CLANG_WARN_RANGE_LOOP_ANALYSIS = YES;
				CLANG_WARN_STRICT_PROTOTYPES = YES;
				CLANG_WARN_SUSPICIOUS_MOVE = YES;
				CLANG_WARN_UNGUARDED_AVAILABILITY = YES_AGGRESSIVE;
				CLANG_WARN_UNREACHABLE_CODE = YES;
				CLANG_WARN__DUPLICATE_METHOD_MATCH = YES;
				COPY_PHASE_STRIP = NO;
				DEBUG_INFORMATION_FORMAT = "dwarf-with-dsym";
				ENABLE_NS_ASSERTIONS = NO;
				ENABLE_STRICT_OBJC_MSGSEND = YES;
				GCC_C_LANGUAGE_STANDARD = gnu11;
				GCC_NO_COMMON_BLOCKS = YES;
				GCC_WARN_64_TO_32_BIT_CONVERSION = YES;
				GCC_WARN_ABOUT_RETURN_TYPE = YES_ERROR;
				GCC_WARN_UNDECLARED_SELECTOR = YES;
				GCC_WARN_UNINITIALIZED_AUTOS = YES_AGGRESSIVE;
				GCC_WARN_UNUSED_FUNCTION = YES;
				GCC_WARN_UNUSED_VARIABLE = YES;
				IPHONEOS_DEPLOYMENT_TARGET = 14.4;
				MTL_ENABLE_DEBUG_INFO = NO;
				MTL_FAST_MATH = YES;
				SDKROOT = iphoneos;
				SWIFT_COMPILATION_MODE = wholemodule;
				SWIFT_OPTIMIZATION_LEVEL = "-O";
				VALIDATE_PRODUCT = YES;
			};
			name = Release;
		};
		F4C91DF62610395600B6DB79 /* Debug */ = {
			isa = XCBuildConfiguration;
			baseConfigurationReference = 49E2C52151D99E23F3C662F3 /* Pods-pokedex.debug.xcconfig */;
			buildSettings = {
				ASSETCATALOG_COMPILER_APPICON_NAME = AppIcon;
				ASSETCATALOG_COMPILER_GLOBAL_ACCENT_COLOR_NAME = AccentColor;
				CODE_SIGN_STYLE = Automatic;
				DEVELOPMENT_TEAM = 4VSRYAF2G9;
				INFOPLIST_FILE = pokedex/Info.plist;
				LD_RUNPATH_SEARCH_PATHS = (
					"$(inherited)",
					"@executable_path/Frameworks",
				);
				PRODUCT_BUNDLE_IDENTIFIER = com.raphaelfreschi.pokedex;
				PRODUCT_NAME = "$(TARGET_NAME)";
				SWIFT_VERSION = 5.0;
				TARGETED_DEVICE_FAMILY = 1;
			};
			name = Debug;
		};
		F4C91DF72610395600B6DB79 /* Release */ = {
			isa = XCBuildConfiguration;
			baseConfigurationReference = 024B9379390C68F4B0354C4D /* Pods-pokedex.release.xcconfig */;
			buildSettings = {
				ASSETCATALOG_COMPILER_APPICON_NAME = AppIcon;
				ASSETCATALOG_COMPILER_GLOBAL_ACCENT_COLOR_NAME = AccentColor;
				CODE_SIGN_STYLE = Automatic;
				DEVELOPMENT_TEAM = 4VSRYAF2G9;
				INFOPLIST_FILE = pokedex/Info.plist;
				LD_RUNPATH_SEARCH_PATHS = (
					"$(inherited)",
					"@executable_path/Frameworks",
				);
				PRODUCT_BUNDLE_IDENTIFIER = com.raphaelfreschi.pokedex;
				PRODUCT_NAME = "$(TARGET_NAME)";
				SWIFT_VERSION = 5.0;
				TARGETED_DEVICE_FAMILY = 1;
			};
			name = Release;
		};
		F4C91DF92610395600B6DB79 /* Debug */ = {
			isa = XCBuildConfiguration;
			baseConfigurationReference = E91D728B22F0D8B05B47D427 /* Pods-pokedexTests.debug.xcconfig */;
			buildSettings = {
				ALWAYS_EMBED_SWIFT_STANDARD_LIBRARIES = YES;
				BUNDLE_LOADER = "$(TEST_HOST)";
				CODE_SIGN_STYLE = Automatic;
				DEVELOPMENT_TEAM = 4VSRYAF2G9;
				INFOPLIST_FILE = pokedexTests/Info.plist;
				IPHONEOS_DEPLOYMENT_TARGET = 14.4;
				LD_RUNPATH_SEARCH_PATHS = (
					"$(inherited)",
					"@executable_path/Frameworks",
					"@loader_path/Frameworks",
				);
				PRODUCT_BUNDLE_IDENTIFIER = com.raphaelfreschi.pokedexTests;
				PRODUCT_NAME = "$(TARGET_NAME)";
				SWIFT_VERSION = 5.0;
				TARGETED_DEVICE_FAMILY = "1,2";
				TEST_HOST = "$(BUILT_PRODUCTS_DIR)/pokedex.app/pokedex";
			};
			name = Debug;
		};
		F4C91DFA2610395600B6DB79 /* Release */ = {
			isa = XCBuildConfiguration;
			baseConfigurationReference = 29139F1224195638549A917E /* Pods-pokedexTests.release.xcconfig */;
			buildSettings = {
				ALWAYS_EMBED_SWIFT_STANDARD_LIBRARIES = YES;
				BUNDLE_LOADER = "$(TEST_HOST)";
				CODE_SIGN_STYLE = Automatic;
				DEVELOPMENT_TEAM = 4VSRYAF2G9;
				INFOPLIST_FILE = pokedexTests/Info.plist;
				IPHONEOS_DEPLOYMENT_TARGET = 14.4;
				LD_RUNPATH_SEARCH_PATHS = (
					"$(inherited)",
					"@executable_path/Frameworks",
					"@loader_path/Frameworks",
				);
				PRODUCT_BUNDLE_IDENTIFIER = com.raphaelfreschi.pokedexTests;
				PRODUCT_NAME = "$(TARGET_NAME)";
				SWIFT_VERSION = 5.0;
				TARGETED_DEVICE_FAMILY = "1,2";
				TEST_HOST = "$(BUILT_PRODUCTS_DIR)/pokedex.app/pokedex";
			};
			name = Release;
		};
		F4C91DFC2610395600B6DB79 /* Debug */ = {
			isa = XCBuildConfiguration;
			baseConfigurationReference = 345F6881CE869E715FB6654A /* Pods-pokedex-pokedexUITests.debug.xcconfig */;
			buildSettings = {
				ALWAYS_EMBED_SWIFT_STANDARD_LIBRARIES = YES;
				CODE_SIGN_STYLE = Automatic;
				DEVELOPMENT_TEAM = 4VSRYAF2G9;
				INFOPLIST_FILE = pokedexUITests/Info.plist;
				LD_RUNPATH_SEARCH_PATHS = (
					"$(inherited)",
					"@executable_path/Frameworks",
					"@loader_path/Frameworks",
				);
				PRODUCT_BUNDLE_IDENTIFIER = com.raphaelfreschi.pokedexUITests;
				PRODUCT_NAME = "$(TARGET_NAME)";
				SWIFT_VERSION = 5.0;
				TARGETED_DEVICE_FAMILY = "1,2";
				TEST_TARGET_NAME = pokedex;
			};
			name = Debug;
		};
		F4C91DFD2610395600B6DB79 /* Release */ = {
			isa = XCBuildConfiguration;
			baseConfigurationReference = EB045DFEA4F0318DCFA4273E /* Pods-pokedex-pokedexUITests.release.xcconfig */;
			buildSettings = {
				ALWAYS_EMBED_SWIFT_STANDARD_LIBRARIES = YES;
				CODE_SIGN_STYLE = Automatic;
				DEVELOPMENT_TEAM = 4VSRYAF2G9;
				INFOPLIST_FILE = pokedexUITests/Info.plist;
				LD_RUNPATH_SEARCH_PATHS = (
					"$(inherited)",
					"@executable_path/Frameworks",
					"@loader_path/Frameworks",
				);
				PRODUCT_BUNDLE_IDENTIFIER = com.raphaelfreschi.pokedexUITests;
				PRODUCT_NAME = "$(TARGET_NAME)";
				SWIFT_VERSION = 5.0;
				TARGETED_DEVICE_FAMILY = "1,2";
				TEST_TARGET_NAME = pokedex;
			};
			name = Release;
		};
/* End XCBuildConfiguration section */

/* Begin XCConfigurationList section */
		F4C91DC62610395500B6DB79 /* Build configuration list for PBXProject "pokedex" */ = {
			isa = XCConfigurationList;
			buildConfigurations = (
				F4C91DF32610395600B6DB79 /* Debug */,
				F4C91DF42610395600B6DB79 /* Release */,
			);
			defaultConfigurationIsVisible = 0;
			defaultConfigurationName = Release;
		};
		F4C91DF52610395600B6DB79 /* Build configuration list for PBXNativeTarget "pokedex" */ = {
			isa = XCConfigurationList;
			buildConfigurations = (
				F4C91DF62610395600B6DB79 /* Debug */,
				F4C91DF72610395600B6DB79 /* Release */,
			);
			defaultConfigurationIsVisible = 0;
			defaultConfigurationName = Release;
		};
		F4C91DF82610395600B6DB79 /* Build configuration list for PBXNativeTarget "pokedexTests" */ = {
			isa = XCConfigurationList;
			buildConfigurations = (
				F4C91DF92610395600B6DB79 /* Debug */,
				F4C91DFA2610395600B6DB79 /* Release */,
			);
			defaultConfigurationIsVisible = 0;
			defaultConfigurationName = Release;
		};
		F4C91DFB2610395600B6DB79 /* Build configuration list for PBXNativeTarget "pokedexUITests" */ = {
			isa = XCConfigurationList;
			buildConfigurations = (
				F4C91DFC2610395600B6DB79 /* Debug */,
				F4C91DFD2610395600B6DB79 /* Release */,
			);
			defaultConfigurationIsVisible = 0;
			defaultConfigurationName = Release;
		};
/* End XCConfigurationList section */
	};
	rootObject = F4C91DC32610395500B6DB79 /* Project object */;
}
